
Microsoft Visual Studio Solution File, Format Version 12.00
# Visual Studio Version 17
VisualStudioVersion = 17.4.33122.133
MinimumVisualStudioVersion = 10.0.40219.1
Project("{FAE04EC0-301F-11D3-BF4B-00C04F79EFBC}") = "ScreenCapture", "ScreenCapture\ScreenCapture.csproj", "{C1B7EC09-8549-44EE-86F5-213AC83F946C}"
EndProject
Global
	GlobalSection(SolutionConfigurationPlatforms) = preSolution
		Debug|Any CPU = Debug|Any CPU
		Release|Any CPU = Release|Any CPU
	EndGlobalSection
	GlobalSection(ProjectConfigurationPlatforms) = postSolution
		{C1B7EC09-8549-44EE-86F5-213AC83F946C}.Debug|Any CPU.ActiveCfg = Debug|Any CPU
		{C1B7EC09-8549-44EE-86F5-213AC83F946C}.Debug|Any CPU.Build.0 = Debug|Any CPU
		{C1B7EC09-8549-44EE-86F5-213AC83F946C}.Release|Any CPU.ActiveCfg = Release|Any CPU
		{C1B7EC09-8549-44EE-86F5-213AC83F946C}.Release|Any CPU.Build.0 = Release|Any CPU
	EndGlobalSection
	GlobalSection(SolutionProperties) = preSolution
		HideSolutionNode = FALSE
	EndGlobalSection
	GlobalSection(ExtensibilityGlobals) = postSolution
		SolutionGuid = {82C49A44-18C1-48AA-B4BB-446745D3C359}
	EndGlobalSection
EndGlobal
